{
  "name": "Pokemon-Showdown-Bot",
  "version": "0.0.1",
  "lockfileVersion": 1,
  "requires": true,
  "dependencies": {
    "abort-controller": {
      "version": "3.0.0",
      "resolved": "https://registry.npmjs.org/abort-controller/-/abort-controller-3.0.0.tgz",
      "integrity": "sha512-h8lQ8tacZYnR3vNQTgibj+tODHI5/+l06Au2Pcriv/Gmet0eaj4TwWH41sO9wnHDiQsEj19q0drzdWdeAHtweg==",
      "requires": {
        "event-target-shim": "^5.0.0"
      }
    },
    "agent-base": {
      "version": "4.3.0",
      "resolved": "https://registry.npmjs.org/agent-base/-/agent-base-4.3.0.tgz",
      "integrity": "sha512-salcGninV0nPrwpGNn4VTXBb1SOuXQBiqbrNXoeizJsHrsL6ERFM2Ne3JUSBWRE6aeNJI2ROP/WEEIDUiDe3cg==",
      "requires": {
        "es6-promisify": "^5.0.0"
      }
    },
    "babel": {
      "version": "5.8.23",
      "resolved": "https://registry.npmjs.org/babel/-/babel-5.8.23.tgz",
      "integrity": "sha1-zPw/uxc8okQvRV1neTwo/SoZfV0=",
      "dependencies": {
        "lodash": {
          "version": "3.10.1",
          "resolved": "https://registry.npmjs.org/lodash/-/lodash-3.10.1.tgz",
          "integrity": "sha1-W/Rejkm6QYnhfUgnid/RW9FAt7Y="
        }
      }
    },
    "babel-core": {
      "version": "5.8.24",
      "resolved": "https://registry.npmjs.org/babel-core/-/babel-core-5.8.24.tgz",
      "integrity": "sha1-9J2ZMFEGWH7W8zmkC2hhfKtxNXs=",
      "dependencies": {
        "lodash": {
          "version": "3.10.1",
          "resolved": "https://registry.npmjs.org/lodash/-/lodash-3.10.1.tgz",
          "integrity": "sha1-W/Rejkm6QYnhfUgnid/RW9FAt7Y="
        }
      }
    },
    "base64-js": {
      "version": "1.3.1",
      "resolved": "https://registry.npmjs.org/base64-js/-/base64-js-1.3.1.tgz",
      "integrity": "sha512-mLQ4i2QO1ytvGWFWmcngKO//JXAQueZvwEKtjgQFM4jIK0kU+ytMfplL8j+n5mspOfjHwoAg+9yhb7BwAHm36g=="
    },
    "bignumber.js": {
      "version": "9.0.0",
      "resolved": "https://registry.npmjs.org/bignumber.js/-/bignumber.js-9.0.0.tgz",
      "integrity": "sha512-t/OYhhJ2SD+YGBQcjY8GzzDHEk9f3nerxjtfa6tlMXfe7frs/WozhvCNoGvpM0P3bNf3Gq5ZRMlGr5f3r4/N8A=="
    },
    "buffer-equal-constant-time": {
      "version": "1.0.1",
      "resolved": "https://registry.npmjs.org/buffer-equal-constant-time/-/buffer-equal-constant-time-1.0.1.tgz",
      "integrity": "sha1-+OcRMvf/5uAaXJaXpMbz5I1cyBk="
    },
    "colors": {
      "version": "1.1.2",
      "resolved": "https://registry.npmjs.org/colors/-/colors-1.1.2.tgz",
      "integrity": "sha1-FopHAXVran9RoSzgyXv6KMCE7WM="
    },
    "csv-parse": {
      "version": "4.4.6",
      "resolved": "https://registry.npmjs.org/csv-parse/-/csv-parse-4.4.6.tgz",
      "integrity": "sha512-VisC5TBBhOF+70zjrF9FOiqI2LZOhXK/vAWlOrqyqz3lLa+P8jzJ7L/sg90MHmkSY/brAXWwrmGSZR0tM5yi4g=="
    },
    "debug": {
      "version": "3.2.6",
      "resolved": "https://registry.npmjs.org/debug/-/debug-3.2.6.tgz",
      "integrity": "sha512-mel+jf7nrtEl5Pn1Qx46zARXKDpBbvzezse7p7LqINmdoIk8PYP5SySaxEmYv6TZ0JyEKA1hsCId6DIhgITtWQ==",
      "requires": {
        "ms": "^2.1.1"
      }
    },
    "ecdsa-sig-formatter": {
      "version": "1.0.11",
      "resolved": "https://registry.npmjs.org/ecdsa-sig-formatter/-/ecdsa-sig-formatter-1.0.11.tgz",
      "integrity": "sha512-nagl3RYrbNv6kQkeJIpt6NJZy8twLB/2vtz6yN9Z4vRKHN4/QZJIEbqohALSgwKdnksuY3k5Addp5lg8sVoVcQ==",
      "requires": {
        "safe-buffer": "^5.0.1"
      }
    },
    "edit-google-spreadsheet": {
      "version": "0.2.21",
      "resolved": "https://registry.npmjs.org/edit-google-spreadsheet/-/edit-google-spreadsheet-0.2.21.tgz",
      "integrity": "sha1-NqJJuydzxWQrjLpwwxv7GbQh6tw=",
      "dependencies": {
        "async": {
          "version": "1.5.2",
          "resolved": "https://registry.npmjs.org/async/-/async-1.5.2.tgz",
          "integrity": "sha1-7GphrlZIDAw8skHJVhjiCJL5Zyo="
        },
        "caseless": {
          "version": "0.11.0",
          "resolved": "https://registry.npmjs.org/caseless/-/caseless-0.11.0.tgz",
          "integrity": "sha1-cVuW6phBWTzDMGeSP17GDr2k99c="
        },
        "form-data": {
          "version": "1.0.1",
          "resolved": "https://registry.npmjs.org/form-data/-/form-data-1.0.1.tgz",
          "integrity": "sha1-rjFduaSQf6BlUCMEpm13M0de43w=",
          "dependencies": {
            "async": {
              "version": "2.5.0",
              "resolved": "https://registry.npmjs.org/async/-/async-2.5.0.tgz",
              "integrity": "sha512-e+lJAJeNWuPCNyxZKOBdaJGyLGHugXVQtrAwtuAe2vhxTYxFTKE73p8JuTmdH0qdQZtDvI4dhJwjZc5zsfIsYw=="
            },
            "lodash": {
              "version": "4.17.4",
              "resolved": "https://registry.npmjs.org/lodash/-/lodash-4.17.4.tgz",
              "integrity": "sha1-eCA6TRwyiuHYbcpkYONptX9AVa4="
            }
          }
        },
        "google-auth-library": {
          "version": "0.9.10",
          "resolved": "https://registry.npmjs.org/google-auth-library/-/google-auth-library-0.9.10.tgz",
          "integrity": "sha1-SZPcB7tINLjKA1AhOmhzoyxgUbk=",
          "dependencies": {
            "async": {
              "version": "1.4.2",
              "resolved": "https://registry.npmjs.org/async/-/async-1.4.2.tgz",
              "integrity": "sha1-bJ7csRztTw3S8tQNsNSaEJwIiqs="
            },
            "request": {
              "version": "2.74.0",
              "resolved": "https://registry.npmjs.org/request/-/request-2.74.0.tgz",
              "integrity": "sha1-dpPKdou7DqXIzgjAhKRe+gW4kqs="
            }
          }
        },
        "google-oauth-jwt": {
          "version": "0.1.7",
          "resolved": "https://registry.npmjs.org/google-oauth-jwt/-/google-oauth-jwt-0.1.7.tgz",
          "integrity": "sha1-Prt5hIq6JgKuzAtIIkQlPfgjgDM="
        },
        "googleclientlogin": {
          "version": "0.2.8",
          "resolved": "https://registry.npmjs.org/googleclientlogin/-/googleclientlogin-0.2.8.tgz",
          "integrity": "sha1-lTuoe76P7aj35w+fdyGymlA/jfA="
        },
        "har-validator": {
          "version": "2.0.6",
          "resolved": "https://registry.npmjs.org/har-validator/-/har-validator-2.0.6.tgz",
          "integrity": "sha1-zcvAgYgmWtEZtqWnyKtw7s+10n0="
        },
        "lodash": {
          "version": "3.10.1",
          "resolved": "https://registry.npmjs.org/lodash/-/lodash-3.10.1.tgz",
          "integrity": "sha1-W/Rejkm6QYnhfUgnid/RW9FAt7Y="
        },
        "node-uuid": {
          "version": "1.4.8",
          "resolved": "https://registry.npmjs.org/node-uuid/-/node-uuid-1.4.8.tgz",
          "integrity": "sha1-sEDrCSOWivq/jTL7HxfxFn/auQc="
        },
        "qs": {
          "version": "6.2.3",
          "resolved": "https://registry.npmjs.org/qs/-/qs-6.2.3.tgz",
          "integrity": "sha1-HPyyXBCpsrSDBT/zn138kjOQjP4="
        },
        "tunnel-agent": {
          "version": "0.4.3",
          "resolved": "https://registry.npmjs.org/tunnel-agent/-/tunnel-agent-0.4.3.tgz",
          "integrity": "sha1-Y3PbdpCf5XDgjXNYM2Xtgop07us="
        },
        "xml2js": {
          "version": "0.4.17",
          "resolved": "https://registry.npmjs.org/xml2js/-/xml2js-0.4.17.tgz",
          "integrity": "sha1-F76T6q4/O3eTWceVtBlwWogX6Gg="
        }
      }
    },
    "es6-promise": {
      "version": "4.2.8",
      "resolved": "https://registry.npmjs.org/es6-promise/-/es6-promise-4.2.8.tgz",
      "integrity": "sha512-HJDGx5daxeIvxdBxvG2cb9g4tEvwIk3i8+nhX0yGrYmZUzbkdg8QbDevheDB8gd0//uPj4c1EQua8Q+MViT0/w=="
    },
    "es6-promisify": {
      "version": "5.0.0",
      "resolved": "https://registry.npmjs.org/es6-promisify/-/es6-promisify-5.0.0.tgz",
      "integrity": "sha1-UQnWLz5W6pZ8S2NQWu8IKRyKUgM=",
      "requires": {
        "es6-promise": "^4.0.3"
      }
    },
    "event-target-shim": {
      "version": "5.0.1",
      "resolved": "https://registry.npmjs.org/event-target-shim/-/event-target-shim-5.0.1.tgz",
      "integrity": "sha512-i/2XbnSz/uxRCU6+NdVJgKWDTM427+MqYbkQzD321DuCQJUqOuJKIA0IM2+W2xtYHdKOmZ4dR6fExsd4SXL+WQ=="
    },
    "extend": {
      "version": "3.0.2",
      "resolved": "https://registry.npmjs.org/extend/-/extend-3.0.2.tgz",
      "integrity": "sha512-fjquC59cD7CyW6urNXK0FBufkZcoiGG80wTuPujX590cB5Ttln20E2UB4S/WARVqhXffZl2LNgS+gQdPIIim/g=="
    },
    "fast-text-encoding": {
      "version": "1.0.3",
      "resolved": "https://registry.npmjs.org/fast-text-encoding/-/fast-text-encoding-1.0.3.tgz",
      "integrity": "sha512-dtm4QZH9nZtcDt8qJiOH9fcQd1NAgi+K1O2DbE6GG1PPCK/BWfOH3idCTRQ4ImXRUOyopDEgDEnVEE7Y/2Wrig=="
    },
    "gaxios": {
      "version": "1.8.4",
      "resolved": "https://registry.npmjs.org/gaxios/-/gaxios-1.8.4.tgz",
      "integrity": "sha512-BoENMnu1Gav18HcpV9IleMPZ9exM+AvUjrAOV4Mzs/vfz2Lu/ABv451iEXByKiMPn2M140uul1txXCg83sAENw==",
      "requires": {
        "abort-controller": "^3.0.0",
        "extend": "^3.0.2",
        "https-proxy-agent": "^2.2.1",
        "node-fetch": "^2.3.0"
      }
    },
    "gcp-metadata": {
      "version": "1.0.0",
      "resolved": "https://registry.npmjs.org/gcp-metadata/-/gcp-metadata-1.0.0.tgz",
      "integrity": "sha512-Q6HrgfrCQeEircnNP3rCcEgiDv7eF9+1B+1MMgpE190+/+0mjQR8PxeOaRgxZWmdDAF9EIryHB9g1moPiw1SbQ==",
      "requires": {
        "gaxios": "^1.0.2",
        "json-bigint": "^0.3.0"
      }
    },
    "google-auth-library": {
      "version": "0.10.0",
      "resolved": "https://registry.npmjs.org/google-auth-library/-/google-auth-library-0.10.0.tgz",
      "integrity": "sha1-bhW6vuhf0d0U2NEoopW2g41SE24=",
      "dependencies": {
        "base64url": {
          "version": "2.0.0",
          "resolved": "https://registry.npmjs.org/base64url/-/base64url-2.0.0.tgz",
          "integrity": "sha1-6sFuA+oUOO/5Qj1puqNiYu0fcLs="
        },
        "gtoken": {
          "version": "1.2.2",
          "resolved": "https://registry.npmjs.org/gtoken/-/gtoken-1.2.2.tgz",
          "integrity": "sha1-Fyd2oanZasCfwioA9b6DzubeiCA="
        },
        "jwa": {
          "version": "1.1.5",
          "resolved": "https://registry.npmjs.org/jwa/-/jwa-1.1.5.tgz",
          "integrity": "sha1-oFUs4CIHQs1S4VN3SjKQXDDnVuU="
        },
        "jws": {
          "version": "3.1.4",
          "resolved": "https://registry.npmjs.org/jws/-/jws-3.1.4.tgz",
          "integrity": "sha1-+ei5M46KhHJ31kRLFGT2GIDgUKI="
        },
        "lodash.noop": {
          "version": "3.0.1",
          "resolved": "https://registry.npmjs.org/lodash.noop/-/lodash.noop-3.0.1.tgz",
          "integrity": "sha1-OBiPTWUKOkdCWEObluxFsyYXEzw="
        },
        "request": {
          "version": "2.81.0",
          "resolved": "https://registry.npmjs.org/request/-/request-2.81.0.tgz",
          "integrity": "sha1-xpKJRqDgbF+Nb4qTM0af/aRimKA="
        }
      }
    },
    "google-p12-pem": {
      "version": "1.0.4",
      "resolved": "https://registry.npmjs.org/google-p12-pem/-/google-p12-pem-1.0.4.tgz",
      "integrity": "sha512-SwLAUJqUfTB2iS+wFfSS/G9p7bt4eWcc2LyfvmUXe7cWp6p3mpxDo6LLI29MXdU6wvPcQ/up298X7GMC5ylAlA==",
      "requires": {
        "node-forge": "^0.8.0",
        "pify": "^4.0.0"
      }
    },
    "google-spreadsheet": {
      "version": "2.0.4",
      "resolved": "https://registry.npmjs.org/google-spreadsheet/-/google-spreadsheet-2.0.4.tgz",
      "integrity": "sha1-gH7ojIeIZKy6R94gzbT0yBF4DLg=",
      "dependencies": {
        "async": {
          "version": "1.5.2",
          "resolved": "https://registry.npmjs.org/async/-/async-1.5.2.tgz",
          "integrity": "sha1-7GphrlZIDAw8skHJVhjiCJL5Zyo="
        },
        "caseless": {
          "version": "0.11.0",
          "resolved": "https://registry.npmjs.org/caseless/-/caseless-0.11.0.tgz",
          "integrity": "sha1-cVuW6phBWTzDMGeSP17GDr2k99c="
        },
        "form-data": {
          "version": "1.0.1",
          "resolved": "https://registry.npmjs.org/form-data/-/form-data-1.0.1.tgz",
          "integrity": "sha1-rjFduaSQf6BlUCMEpm13M0de43w=",
          "dependencies": {
            "async": {
              "version": "2.5.0",
              "resolved": "https://registry.npmjs.org/async/-/async-2.5.0.tgz",
              "integrity": "sha512-e+lJAJeNWuPCNyxZKOBdaJGyLGHugXVQtrAwtuAe2vhxTYxFTKE73p8JuTmdH0qdQZtDvI4dhJwjZc5zsfIsYw=="
            },
            "lodash": {
              "version": "4.17.4",
              "resolved": "https://registry.npmjs.org/lodash/-/lodash-4.17.4.tgz",
              "integrity": "sha1-eCA6TRwyiuHYbcpkYONptX9AVa4="
            }
          }
        },
        "google-auth-library": {
          "version": "0.9.10",
          "resolved": "https://registry.npmjs.org/google-auth-library/-/google-auth-library-0.9.10.tgz",
          "integrity": "sha1-SZPcB7tINLjKA1AhOmhzoyxgUbk=",
          "dependencies": {
            "async": {
              "version": "1.4.2",
              "resolved": "https://registry.npmjs.org/async/-/async-1.4.2.tgz",
              "integrity": "sha1-bJ7csRztTw3S8tQNsNSaEJwIiqs="
            },
            "lodash.noop": {
              "version": "3.0.1",
              "resolved": "https://registry.npmjs.org/lodash.noop/-/lodash.noop-3.0.1.tgz",
              "integrity": "sha1-OBiPTWUKOkdCWEObluxFsyYXEzw="
            },
            "request": {
              "version": "2.74.0",
              "resolved": "https://registry.npmjs.org/request/-/request-2.74.0.tgz",
              "integrity": "sha1-dpPKdou7DqXIzgjAhKRe+gW4kqs="
            },
            "string-template": {
              "version": "0.2.1",
              "resolved": "https://registry.npmjs.org/string-template/-/string-template-0.2.1.tgz",
              "integrity": "sha1-QpMuWYo1LQH8IuwzZ9nYTuxsmt0="
            }
          }
        },
        "har-validator": {
          "version": "2.0.6",
          "resolved": "https://registry.npmjs.org/har-validator/-/har-validator-2.0.6.tgz",
          "integrity": "sha1-zcvAgYgmWtEZtqWnyKtw7s+10n0="
        },
        "lodash": {
          "version": "3.10.1",
          "resolved": "https://registry.npmjs.org/lodash/-/lodash-3.10.1.tgz",
          "integrity": "sha1-W/Rejkm6QYnhfUgnid/RW9FAt7Y="
        },
        "node-uuid": {
          "version": "1.4.8",
          "resolved": "https://registry.npmjs.org/node-uuid/-/node-uuid-1.4.8.tgz",
          "integrity": "sha1-sEDrCSOWivq/jTL7HxfxFn/auQc="
        },
        "qs": {
          "version": "6.2.3",
          "resolved": "https://registry.npmjs.org/qs/-/qs-6.2.3.tgz",
          "integrity": "sha1-HPyyXBCpsrSDBT/zn138kjOQjP4="
        },
        "request": {
          "version": "2.81.0",
          "resolved": "https://registry.npmjs.org/request/-/request-2.81.0.tgz",
          "integrity": "sha1-xpKJRqDgbF+Nb4qTM0af/aRimKA=",
          "dependencies": {
            "aws-sign2": {
              "version": "0.6.0",
              "resolved": "https://registry.npmjs.org/aws-sign2/-/aws-sign2-0.6.0.tgz",
              "integrity": "sha1-FDQt0428yU0OW4fXY81jYSwOeU8="
            },
            "aws4": {
              "version": "1.6.0",
              "resolved": "https://registry.npmjs.org/aws4/-/aws4-1.6.0.tgz",
              "integrity": "sha1-g+9cqGCysy5KDe7e6MdxudtXRx4="
            },
            "caseless": {
              "version": "0.12.0",
              "resolved": "https://registry.npmjs.org/caseless/-/caseless-0.12.0.tgz",
              "integrity": "sha1-G2gcIf+EAzyCZUMJBolCDRhxUdw="
            },
            "combined-stream": {
              "version": "1.0.5",
              "resolved": "https://registry.npmjs.org/combined-stream/-/combined-stream-1.0.5.tgz",
              "integrity": "sha1-k4NwpXtKUd6ix3wV1cX9+JUWQAk="
            },
            "forever-agent": {
              "version": "0.6.1",
              "resolved": "https://registry.npmjs.org/forever-agent/-/forever-agent-0.6.1.tgz",
              "integrity": "sha1-+8cfDEGt6zf5bFd60e1C2P2sypE="
            },
            "form-data": {
              "version": "2.1.4",
              "resolved": "https://registry.npmjs.org/form-data/-/form-data-2.1.4.tgz",
              "integrity": "sha1-M8GDrPGTJ27KqYFDpp6Uv+4XUNE="
            },
            "har-validator": {
              "version": "4.2.1",
              "resolved": "https://registry.npmjs.org/har-validator/-/har-validator-4.2.1.tgz",
              "integrity": "sha1-M0gdDxu/9gDdID11gSpqX7oALio="
            },
            "is-typedarray": {
              "version": "1.0.0",
              "resolved": "https://registry.npmjs.org/is-typedarray/-/is-typedarray-1.0.0.tgz",
              "integrity": "sha1-5HnICFjfDBsR3dppQPlgEfzaSpo="
            },
            "isstream": {
              "version": "0.1.2",
              "resolved": "https://registry.npmjs.org/isstream/-/isstream-0.1.2.tgz",
              "integrity": "sha1-R+Y/evVa+m+S4VAOaQ64uFKcCZo="
            },
            "mime-types": {
              "version": "2.1.15",
              "resolved": "https://registry.npmjs.org/mime-types/-/mime-types-2.1.15.tgz",
              "integrity": "sha1-pOv1BkCUVpI3uM9wBGd20J/JKu0="
            },
            "oauth-sign": {
              "version": "0.8.2",
              "resolved": "https://registry.npmjs.org/oauth-sign/-/oauth-sign-0.8.2.tgz",
              "integrity": "sha1-Rqarfwrq2N6unsBWV4C31O/rnUM="
            },
            "qs": {
              "version": "6.4.0",
              "resolved": "https://registry.npmjs.org/qs/-/qs-6.4.0.tgz",
              "integrity": "sha1-E+JtKK1rD/qpExLNO/cI7TUecjM="
            },
            "safe-buffer": {
              "version": "5.1.1",
              "resolved": "https://registry.npmjs.org/safe-buffer/-/safe-buffer-5.1.1.tgz",
              "integrity": "sha1-iTMSr2myEj3vcfV4iQAWce6yyFM="
            },
            "stringstream": {
              "version": "0.0.5",
              "resolved": "https://registry.npmjs.org/stringstream/-/stringstream-0.0.5.tgz",
              "integrity": "sha1-TkhM1N5aC7vuGORjB3EKioFiGHg="
            },
            "tunnel-agent": {
              "version": "0.6.0",
              "resolved": "https://registry.npmjs.org/tunnel-agent/-/tunnel-agent-0.6.0.tgz",
              "integrity": "sha1-J6XeoGs2sEoKmWZ3SykIaPD8QP0="
            }
          }
        },
        "tunnel-agent": {
          "version": "0.4.3",
          "resolved": "https://registry.npmjs.org/tunnel-agent/-/tunnel-agent-0.4.3.tgz",
          "integrity": "sha1-Y3PbdpCf5XDgjXNYM2Xtgop07us="
        },
        "xml2js": {
          "version": "0.4.17",
          "resolved": "https://registry.npmjs.org/xml2js/-/xml2js-0.4.17.tgz",
          "integrity": "sha1-F76T6q4/O3eTWceVtBlwWogX6Gg=",
          "dependencies": {
            "sax": {
              "version": "1.2.4",
              "resolved": "https://registry.npmjs.org/sax/-/sax-1.2.4.tgz",
              "integrity": "sha1-KBYjTiN4vdxOU1T6tcqold9xANk="
            }
          }
        }
      }
    },
    "googleapis": {
      "version": "39.1.0",
      "resolved": "https://registry.npmjs.org/googleapis/-/googleapis-39.1.0.tgz",
      "integrity": "sha512-MRO9rW7izUIBZ4NJ67FNhBUw/Q3ki7hk149E9MhphJnLw1CStUAnm9nFD/IpNnx97qx2WBa7dLPjeXrJky6xlw==",
      "requires": {
        "google-auth-library": "^3.0.0",
        "googleapis-common": "^0.7.0"
      },
      "dependencies": {
        "google-auth-library": {
          "version": "3.1.2",
          "resolved": "https://registry.npmjs.org/google-auth-library/-/google-auth-library-3.1.2.tgz",
          "integrity": "sha512-cDQMzTotwyWMrg5jRO7q0A4TL/3GWBgO7I7q5xGKNiiFf9SmGY/OJ1YsLMgI2MVHHsEGyrqYnbnmV1AE+Z6DnQ==",
          "requires": {
            "base64-js": "^1.3.0",
            "fast-text-encoding": "^1.0.0",
            "gaxios": "^1.2.1",
            "gcp-metadata": "^1.0.0",
            "gtoken": "^2.3.2",
            "https-proxy-agent": "^2.2.1",
            "jws": "^3.1.5",
            "lru-cache": "^5.0.0",
            "semver": "^5.5.0"
          }
        }
      }
    },
    "googleapis-common": {
      "version": "0.7.2",
      "resolved": "https://registry.npmjs.org/googleapis-common/-/googleapis-common-0.7.2.tgz",
      "integrity": "sha512-9DEJIiO4nS7nw0VE1YVkEfXEj8x8MxsuB+yZIpOBULFSN9OIKcUU8UuKgSZFU4lJmRioMfngktrbkMwWJcUhQg==",
      "requires": {
        "gaxios": "^1.2.2",
        "google-auth-library": "^3.0.0",
        "pify": "^4.0.0",
        "qs": "^6.5.2",
        "url-template": "^2.0.8",
        "uuid": "^3.2.1"
      },
      "dependencies": {
        "google-auth-library": {
          "version": "3.1.2",
          "resolved": "https://registry.npmjs.org/google-auth-library/-/google-auth-library-3.1.2.tgz",
          "integrity": "sha512-cDQMzTotwyWMrg5jRO7q0A4TL/3GWBgO7I7q5xGKNiiFf9SmGY/OJ1YsLMgI2MVHHsEGyrqYnbnmV1AE+Z6DnQ==",
          "requires": {
            "base64-js": "^1.3.0",
            "fast-text-encoding": "^1.0.0",
            "gaxios": "^1.2.1",
            "gcp-metadata": "^1.0.0",
            "gtoken": "^2.3.2",
            "https-proxy-agent": "^2.2.1",
            "jws": "^3.1.5",
            "lru-cache": "^5.0.0",
            "semver": "^5.5.0"
          }
        }
      }
    },
    "gtoken": {
      "version": "2.3.3",
      "resolved": "https://registry.npmjs.org/gtoken/-/gtoken-2.3.3.tgz",
      "integrity": "sha512-EaB49bu/TCoNeQjhCYKI/CurooBKkGxIqFHsWABW0b25fobBYVTMe84A8EBVVZhl8emiUdNypil9huMOTmyAnw==",
      "requires": {
        "gaxios": "^1.0.4",
        "google-p12-pem": "^1.0.0",
        "jws": "^3.1.5",
        "mime": "^2.2.0",
        "pify": "^4.0.0"
      }
    },
    "https-proxy-agent": {
      "version": "2.2.4",
      "resolved": "https://registry.npmjs.org/https-proxy-agent/-/https-proxy-agent-2.2.4.tgz",
      "integrity": "sha512-OmvfoQ53WLjtA9HeYP9RNrWMJzzAz1JGaSFr1nijg0PVR1JaD/xbJq1mdEIIlxGpXp9eSe/O2LgU9DJmTPd0Eg==",
      "requires": {
        "agent-base": "^4.3.0",
        "debug": "^3.1.0"
      }
    },
    "json-bigint": {
      "version": "0.3.1",
      "resolved": "https://registry.npmjs.org/json-bigint/-/json-bigint-0.3.1.tgz",
      "integrity": "sha512-DGWnSzmusIreWlEupsUelHrhwmPPE+FiQvg+drKfk2p+bdEYa5mp4PJ8JsCWqae0M2jQNb0HPvnwvf1qOTThzQ==",
      "requires": {
        "bignumber.js": "^9.0.0"
      }
    },
    "jwa": {
      "version": "1.4.1",
      "resolved": "https://registry.npmjs.org/jwa/-/jwa-1.4.1.tgz",
      "integrity": "sha512-qiLX/xhEEFKUAJ6FiBMbes3w9ATzyk5W7Hvzpa/SLYdxNtng+gcurvrI7TbACjIXlsJyr05/S1oUhZrc63evQA==",
      "requires": {
        "buffer-equal-constant-time": "1.0.1",
        "ecdsa-sig-formatter": "1.0.11",
        "safe-buffer": "^5.0.1"
      }
    },
    "jws": {
      "version": "3.2.2",
      "resolved": "https://registry.npmjs.org/jws/-/jws-3.2.2.tgz",
      "integrity": "sha512-YHlZCB6lMTllWDtSPHz/ZXTsi8S00usEV6v1tjq8tOUZzw7DpSDWVXjXDre6ed1w/pd495ODpHZYSdkRTsa0HA==",
      "requires": {
        "jwa": "^1.4.1",
        "safe-buffer": "^5.0.1"
      }
    },
    "lodash": {
      "version": "4.17.4",
      "resolved": "https://registry.npmjs.org/lodash/-/lodash-4.17.4.tgz",
      "integrity": "sha1-eCA6TRwyiuHYbcpkYONptX9AVa4="
    },
    "lru-cache": {
      "version": "5.1.1",
      "resolved": "https://registry.npmjs.org/lru-cache/-/lru-cache-5.1.1.tgz",
      "integrity": "sha512-KpNARQA3Iwv+jTA0utUVVbrh+Jlrr1Fv0e56GGzAFOXN7dk/FviaDW8LHmK52DlcH4WP2n6gI8vN1aesBFgo9w==",
      "requires": {
        "yallist": "^3.0.2"
      }
    },
    "mime": {
      "version": "2.4.6",
      "resolved": "https://registry.npmjs.org/mime/-/mime-2.4.6.tgz",
      "integrity": "sha512-RZKhC3EmpBchfTGBVb8fb+RL2cWyw/32lshnsETttkBAyAUXSGHxbEJWWRXc751DrIxG1q04b8QwMbAwkRPpUA=="
    },
    "ms": {
      "version": "2.1.2",
      "resolved": "https://registry.npmjs.org/ms/-/ms-2.1.2.tgz",
      "integrity": "sha512-sGkPx+VjMtmA6MX27oA4FBFELFCZZ4S4XqeGOXCv68tT+jb3vk/RyaKWP0PTKyWtmLSM0b+adUTEvbs1PEaH2w=="
    },
    "node-fetch": {
      "version": "2.6.0",
      "resolved": "https://registry.npmjs.org/node-fetch/-/node-fetch-2.6.0.tgz",
      "integrity": "sha512-8dG4H5ujfvFiqDmVu9fQ5bOHUC15JMjMY/Zumv26oOvvVJjM67KF8koCWIabKQ1GJIa9r2mMZscBq/TbdOcmNA=="
    },
    "node-forge": {
      "version": "0.8.5",
      "resolved": "https://registry.npmjs.org/node-forge/-/node-forge-0.8.5.tgz",
      "integrity": "sha512-vFMQIWt+J/7FLNyKouZ9TazT74PRV3wgv9UT4cRjC8BffxFbKXkgIWR42URCPSnHm/QDz6BOlb2Q0U4+VQT67Q=="
    },
    "origindb": {
      "version": "2.6.1",
      "resolved": "https://registry.npmjs.org/origindb/-/origindb-2.6.1.tgz",
      "integrity": "sha1-v2yBxjJZReGh3gZPy2mvJv5xcag=",
      "dependencies": {
        "graceful-fs": {
          "version": "4.1.11",
          "resolved": "https://registry.npmjs.org/graceful-fs/-/graceful-fs-4.1.11.tgz",
          "integrity": "sha1-Dovf5NHduIVNZOBOp8AOKgJuVlg="
        },
        "json-parse-helpfulerror": {
          "version": "1.0.3",
          "resolved": "https://registry.npmjs.org/json-parse-helpfulerror/-/json-parse-helpfulerror-1.0.3.tgz",
          "integrity": "sha1-E/FM4C7tTpgSl7ZOueO5MuLdE9w="
        },
        "steno": {
          "version": "0.4.4",
          "resolved": "https://registry.npmjs.org/steno/-/steno-0.4.4.tgz",
          "integrity": "sha1-BxEFvfwobmYVwEA8J+nXtdy4Vcs="
        }
      }
    },
    "pify": {
      "version": "4.0.1",
      "resolved": "https://registry.npmjs.org/pify/-/pify-4.0.1.tgz",
      "integrity": "sha512-uB80kBFb/tfd68bVleG9T5GGsGPjJrLAUpR5PZIrhBnIaRTQRjqdJSsIKkOP6OAIFbj7GOrcudc5pNjZ+geV2g=="
    },
    "qs": {
      "version": "6.9.4",
      "resolved": "https://registry.npmjs.org/qs/-/qs-6.9.4.tgz",
      "integrity": "sha512-A1kFqHekCTM7cz0udomYUoYNWjBebHm/5wzU/XqrBRBNWectVH0QIiN+NEcZ0Dte5hvzHwbr8+XQmguPhJ6WdQ=="
    },
    "safe-buffer": {
      "version": "5.2.1",
      "resolved": "https://registry.npmjs.org/safe-buffer/-/safe-buffer-5.2.1.tgz",
      "integrity": "sha512-rp3So07KcdmmKbGvgaNxQSJr7bGVSVk5S9Eq1F+ppbRo70+YeaDxkw5Dd8NPN+GD6bjnYm2VuPuCXmpuYvmCXQ=="
    },
    "semver": {
      "version": "5.7.1",
      "resolved": "https://registry.npmjs.org/semver/-/semver-5.7.1.tgz",
      "integrity": "sha512-sauaDf/PZdVgrLTNYHRtpXa1iRiKcaebiKQ1BJdpQlWH2lCvexQdX55snPFyK7QzpudqbCI0qXFfOasHdyNDGQ=="
    },
    "sugar": {
      "version": "1.4.1",
      "resolved": "https://registry.npmjs.org/sugar/-/sugar-1.4.1.tgz",
      "integrity": "sha1-ExDU3txpnloXMYNxhUGw14RKdZg="
    },
    "url-template": {
      "version": "2.0.8",
      "resolved": "https://registry.npmjs.org/url-template/-/url-template-2.0.8.tgz",
      "integrity": "sha1-/FZaPMy/93MMd19WQflVV5FDnyE="
    },
    "uuid": {
      "version": "3.4.0",
      "resolved": "https://registry.npmjs.org/uuid/-/uuid-3.4.0.tgz",
      "integrity": "sha512-HjSDRw6gZE5JMggctHBcjVak08+KEVhSIiDzFnT9S9aegmp85S/bReBVTb4QTFaRNptJ9kuYaNhnbNEOkbKb/A=="
    },
    "websocket": {
      "version": "1.0.21",
      "resolved": "https://registry.npmjs.org/websocket/-/websocket-1.0.21.tgz",
      "integrity": "sha1-9R8Klu0ZYprzmSJHCrWRkH8cW9k=",
      "dependencies": {
        "debug": {
          "version": "2.2.0",
          "resolved": "https://registry.npmjs.org/debug/-/debug-2.2.0.tgz",
          "integrity": "sha1-+HBX6ZWxofauaklgZkE3vFbwOdo="
        },
        "ms": {
          "version": "0.7.1",
          "resolved": "https://registry.npmjs.org/ms/-/ms-0.7.1.tgz",
          "integrity": "sha1-nNE8A62/8ltl7/3nzoZO6VIBcJg="
        },
        "nan": {
          "version": "1.8.4",
          "resolved": "https://registry.npmjs.org/nan/-/nan-1.8.4.tgz",
          "integrity": "sha1-PHa1OC6rM+RLdY0oE8qdkuk0LzQ="
        },
        "typedarray-to-buffer": {
          "version": "3.0.5",
          "resolved": "https://registry.npmjs.org/typedarray-to-buffer/-/typedarray-to-buffer-3.0.5.tgz",
          "integrity": "sha1-hC8sqVnNligPlHvP7uOIxUBOXsY="
        }
      }
    },
    "yallist": {
      "version": "3.1.1",
      "resolved": "https://registry.npmjs.org/yallist/-/yallist-3.1.1.tgz",
      "integrity": "sha512-a4UGQaWPH59mOXUYnAG2ewncQS4i4F43Tv3JoAM+s2VDAmS9NsK8GpDMLrCHPksFT7h3K6TOoUNn2pb7RoXx4g=="
    }
  }
}
