{
  "name": "Pokemon-Showdown-Bot",
  "version": "0.0.1",
  "lockfileVersion": 1,
  "requires": true,
  "dependencies": {
    "babel": {
      "version": "5.8.23",
      "resolved": "https://registry.npmjs.org/babel/-/babel-5.8.23.tgz",
      "integrity": "sha1-zPw/uxc8okQvRV1neTwo/SoZfV0=",
      "dependencies": {
        "lodash": {
          "version": "3.10.1",
          "resolved": "https://registry.npmjs.org/lodash/-/lodash-3.10.1.tgz",
          "integrity": "sha1-W/Rejkm6QYnhfUgnid/RW9FAt7Y="
        }
      }
    },
    "babel-core": {
      "version": "5.8.24",
      "resolved": "https://registry.npmjs.org/babel-core/-/babel-core-5.8.24.tgz",
      "integrity": "sha1-9J2ZMFEGWH7W8zmkC2hhfKtxNXs=",
      "dependencies": {
        "lodash": {
          "version": "3.10.1",
          "resolved": "https://registry.npmjs.org/lodash/-/lodash-3.10.1.tgz",
          "integrity": "sha1-W/Rejkm6QYnhfUgnid/RW9FAt7Y="
        }
      }
    },
    "colors": {
      "version": "1.1.2",
      "resolved": "https://registry.npmjs.org/colors/-/colors-1.1.2.tgz",
      "integrity": "sha1-FopHAXVran9RoSzgyXv6KMCE7WM="
    },
    "csv-parse": {
      "version": "4.4.6",
      "resolved": "https://registry.npmjs.org/csv-parse/-/csv-parse-4.4.6.tgz",
      "integrity": "sha512-VisC5TBBhOF+70zjrF9FOiqI2LZOhXK/vAWlOrqyqz3lLa+P8jzJ7L/sg90MHmkSY/brAXWwrmGSZR0tM5yi4g=="
    },
    "edit-google-spreadsheet": {
      "version": "0.2.21",
      "resolved": "https://registry.npmjs.org/edit-google-spreadsheet/-/edit-google-spreadsheet-0.2.21.tgz",
      "integrity": "sha1-NqJJuydzxWQrjLpwwxv7GbQh6tw=",
      "dependencies": {
        "async": {
          "version": "1.5.2",
          "resolved": "https://registry.npmjs.org/async/-/async-1.5.2.tgz",
          "integrity": "sha1-7GphrlZIDAw8skHJVhjiCJL5Zyo="
        },
        "caseless": {
          "version": "0.11.0",
          "resolved": "https://registry.npmjs.org/caseless/-/caseless-0.11.0.tgz",
          "integrity": "sha1-cVuW6phBWTzDMGeSP17GDr2k99c="
        },
        "form-data": {
          "version": "1.0.1",
          "resolved": "https://registry.npmjs.org/form-data/-/form-data-1.0.1.tgz",
          "integrity": "sha1-rjFduaSQf6BlUCMEpm13M0de43w=",
          "dependencies": {
            "async": {
              "version": "2.5.0",
              "resolved": "https://registry.npmjs.org/async/-/async-2.5.0.tgz",
              "integrity": "sha512-e+lJAJeNWuPCNyxZKOBdaJGyLGHugXVQtrAwtuAe2vhxTYxFTKE73p8JuTmdH0qdQZtDvI4dhJwjZc5zsfIsYw=="
            },
            "lodash": {
              "version": "4.17.4",
              "resolved": "https://registry.npmjs.org/lodash/-/lodash-4.17.4.tgz",
              "integrity": "sha1-eCA6TRwyiuHYbcpkYONptX9AVa4="
            }
          }
        },
        "google-auth-library": {
          "version": "0.9.10",
          "resolved": "https://registry.npmjs.org/google-auth-library/-/google-auth-library-0.9.10.tgz",
          "integrity": "sha1-SZPcB7tINLjKA1AhOmhzoyxgUbk=",
          "dependencies": {
            "async": {
              "version": "1.4.2",
              "resolved": "https://registry.npmjs.org/async/-/async-1.4.2.tgz",
              "integrity": "sha1-bJ7csRztTw3S8tQNsNSaEJwIiqs="
            },
            "request": {
              "version": "2.74.0",
              "resolved": "https://registry.npmjs.org/request/-/request-2.74.0.tgz",
              "integrity": "sha1-dpPKdou7DqXIzgjAhKRe+gW4kqs="
            }
          }
        },
        "google-oauth-jwt": {
          "version": "0.1.7",
          "resolved": "https://registry.npmjs.org/google-oauth-jwt/-/google-oauth-jwt-0.1.7.tgz",
          "integrity": "sha1-Prt5hIq6JgKuzAtIIkQlPfgjgDM="
        },
        "googleclientlogin": {
          "version": "0.2.8",
          "resolved": "https://registry.npmjs.org/googleclientlogin/-/googleclientlogin-0.2.8.tgz",
          "integrity": "sha1-lTuoe76P7aj35w+fdyGymlA/jfA="
        },
        "har-validator": {
          "version": "2.0.6",
          "resolved": "https://registry.npmjs.org/har-validator/-/har-validator-2.0.6.tgz",
          "integrity": "sha1-zcvAgYgmWtEZtqWnyKtw7s+10n0="
        },
        "lodash": {
          "version": "3.10.1",
          "resolved": "https://registry.npmjs.org/lodash/-/lodash-3.10.1.tgz",
          "integrity": "sha1-W/Rejkm6QYnhfUgnid/RW9FAt7Y="
        },
        "node-uuid": {
          "version": "1.4.8",
          "resolved": "https://registry.npmjs.org/node-uuid/-/node-uuid-1.4.8.tgz",
          "integrity": "sha1-sEDrCSOWivq/jTL7HxfxFn/auQc="
        },
        "qs": {
          "version": "6.2.3",
          "resolved": "https://registry.npmjs.org/qs/-/qs-6.2.3.tgz",
          "integrity": "sha1-HPyyXBCpsrSDBT/zn138kjOQjP4="
        },
        "tunnel-agent": {
          "version": "0.4.3",
          "resolved": "https://registry.npmjs.org/tunnel-agent/-/tunnel-agent-0.4.3.tgz",
          "integrity": "sha1-Y3PbdpCf5XDgjXNYM2Xtgop07us="
        },
        "xml2js": {
          "version": "0.4.17",
          "resolved": "https://registry.npmjs.org/xml2js/-/xml2js-0.4.17.tgz",
          "integrity": "sha1-F76T6q4/O3eTWceVtBlwWogX6Gg="
        }
      }
    },
    "google-auth-library": {
      "version": "0.10.0",
      "resolved": "https://registry.npmjs.org/google-auth-library/-/google-auth-library-0.10.0.tgz",
      "integrity": "sha1-bhW6vuhf0d0U2NEoopW2g41SE24=",
      "dependencies": {
        "base64url": {
          "version": "2.0.0",
          "resolved": "https://registry.npmjs.org/base64url/-/base64url-2.0.0.tgz",
          "integrity": "sha1-6sFuA+oUOO/5Qj1puqNiYu0fcLs="
        },
        "gtoken": {
          "version": "1.2.2",
          "resolved": "https://registry.npmjs.org/gtoken/-/gtoken-1.2.2.tgz",
          "integrity": "sha1-Fyd2oanZasCfwioA9b6DzubeiCA="
        },
        "jwa": {
          "version": "1.1.5",
          "resolved": "https://registry.npmjs.org/jwa/-/jwa-1.1.5.tgz",
          "integrity": "sha1-oFUs4CIHQs1S4VN3SjKQXDDnVuU="
        },
        "jws": {
          "version": "3.1.4",
          "resolved": "https://registry.npmjs.org/jws/-/jws-3.1.4.tgz",
          "integrity": "sha1-+ei5M46KhHJ31kRLFGT2GIDgUKI="
        },
        "lodash.noop": {
          "version": "3.0.1",
          "resolved": "https://registry.npmjs.org/lodash.noop/-/lodash.noop-3.0.1.tgz",
          "integrity": "sha1-OBiPTWUKOkdCWEObluxFsyYXEzw="
        },
        "request": {
          "version": "2.81.0",
          "resolved": "https://registry.npmjs.org/request/-/request-2.81.0.tgz",
          "integrity": "sha1-xpKJRqDgbF+Nb4qTM0af/aRimKA="
        }
      }
    },
    "google-spreadsheet": {
      "version": "2.0.4",
      "resolved": "https://registry.npmjs.org/google-spreadsheet/-/google-spreadsheet-2.0.4.tgz",
      "integrity": "sha1-gH7ojIeIZKy6R94gzbT0yBF4DLg=",
      "dependencies": {
        "async": {
          "version": "1.5.2",
          "resolved": "https://registry.npmjs.org/async/-/async-1.5.2.tgz",
          "integrity": "sha1-7GphrlZIDAw8skHJVhjiCJL5Zyo="
        },
        "caseless": {
          "version": "0.11.0",
          "resolved": "https://registry.npmjs.org/caseless/-/caseless-0.11.0.tgz",
          "integrity": "sha1-cVuW6phBWTzDMGeSP17GDr2k99c="
        },
        "form-data": {
          "version": "1.0.1",
          "resolved": "https://registry.npmjs.org/form-data/-/form-data-1.0.1.tgz",
          "integrity": "sha1-rjFduaSQf6BlUCMEpm13M0de43w=",
          "dependencies": {
            "async": {
              "version": "2.5.0",
              "resolved": "https://registry.npmjs.org/async/-/async-2.5.0.tgz",
              "integrity": "sha512-e+lJAJeNWuPCNyxZKOBdaJGyLGHugXVQtrAwtuAe2vhxTYxFTKE73p8JuTmdH0qdQZtDvI4dhJwjZc5zsfIsYw=="
            },
            "lodash": {
              "version": "4.17.4",
              "resolved": "https://registry.npmjs.org/lodash/-/lodash-4.17.4.tgz",
              "integrity": "sha1-eCA6TRwyiuHYbcpkYONptX9AVa4="
            }
          }
        },
        "google-auth-library": {
          "version": "0.9.10",
          "resolved": "https://registry.npmjs.org/google-auth-library/-/google-auth-library-0.9.10.tgz",
          "integrity": "sha1-SZPcB7tINLjKA1AhOmhzoyxgUbk=",
          "dependencies": {
            "async": {
              "version": "1.4.2",
              "resolved": "https://registry.npmjs.org/async/-/async-1.4.2.tgz",
              "integrity": "sha1-bJ7csRztTw3S8tQNsNSaEJwIiqs="
            },
            "lodash.noop": {
              "version": "3.0.1",
              "resolved": "https://registry.npmjs.org/lodash.noop/-/lodash.noop-3.0.1.tgz",
              "integrity": "sha1-OBiPTWUKOkdCWEObluxFsyYXEzw="
            },
            "request": {
              "version": "2.74.0",
              "resolved": "https://registry.npmjs.org/request/-/request-2.74.0.tgz",
              "integrity": "sha1-dpPKdou7DqXIzgjAhKRe+gW4kqs="
            },
            "string-template": {
              "version": "0.2.1",
              "resolved": "https://registry.npmjs.org/string-template/-/string-template-0.2.1.tgz",
              "integrity": "sha1-QpMuWYo1LQH8IuwzZ9nYTuxsmt0="
            }
          }
        },
        "har-validator": {
          "version": "2.0.6",
          "resolved": "https://registry.npmjs.org/har-validator/-/har-validator-2.0.6.tgz",
          "integrity": "sha1-zcvAgYgmWtEZtqWnyKtw7s+10n0="
        },
        "lodash": {
          "version": "3.10.1",
          "resolved": "https://registry.npmjs.org/lodash/-/lodash-3.10.1.tgz",
          "integrity": "sha1-W/Rejkm6QYnhfUgnid/RW9FAt7Y="
        },
        "node-uuid": {
          "version": "1.4.8",
          "resolved": "https://registry.npmjs.org/node-uuid/-/node-uuid-1.4.8.tgz",
          "integrity": "sha1-sEDrCSOWivq/jTL7HxfxFn/auQc="
        },
        "qs": {
          "version": "6.2.3",
          "resolved": "https://registry.npmjs.org/qs/-/qs-6.2.3.tgz",
          "integrity": "sha1-HPyyXBCpsrSDBT/zn138kjOQjP4="
        },
        "request": {
          "version": "2.81.0",
          "resolved": "https://registry.npmjs.org/request/-/request-2.81.0.tgz",
          "integrity": "sha1-xpKJRqDgbF+Nb4qTM0af/aRimKA=",
          "dependencies": {
            "aws-sign2": {
              "version": "0.6.0",
              "resolved": "https://registry.npmjs.org/aws-sign2/-/aws-sign2-0.6.0.tgz",
              "integrity": "sha1-FDQt0428yU0OW4fXY81jYSwOeU8="
            },
            "aws4": {
              "version": "1.6.0",
              "resolved": "https://registry.npmjs.org/aws4/-/aws4-1.6.0.tgz",
              "integrity": "sha1-g+9cqGCysy5KDe7e6MdxudtXRx4="
            },
            "caseless": {
              "version": "0.12.0",
              "resolved": "https://registry.npmjs.org/caseless/-/caseless-0.12.0.tgz",
              "integrity": "sha1-G2gcIf+EAzyCZUMJBolCDRhxUdw="
            },
            "combined-stream": {
              "version": "1.0.5",
              "resolved": "https://registry.npmjs.org/combined-stream/-/combined-stream-1.0.5.tgz",
              "integrity": "sha1-k4NwpXtKUd6ix3wV1cX9+JUWQAk="
            },
            "forever-agent": {
              "version": "0.6.1",
              "resolved": "https://registry.npmjs.org/forever-agent/-/forever-agent-0.6.1.tgz",
              "integrity": "sha1-+8cfDEGt6zf5bFd60e1C2P2sypE="
            },
            "form-data": {
              "version": "2.1.4",
              "resolved": "https://registry.npmjs.org/form-data/-/form-data-2.1.4.tgz",
              "integrity": "sha1-M8GDrPGTJ27KqYFDpp6Uv+4XUNE="
            },
            "har-validator": {
              "version": "4.2.1",
              "resolved": "https://registry.npmjs.org/har-validator/-/har-validator-4.2.1.tgz",
              "integrity": "sha1-M0gdDxu/9gDdID11gSpqX7oALio="
            },
            "is-typedarray": {
              "version": "1.0.0",
              "resolved": "https://registry.npmjs.org/is-typedarray/-/is-typedarray-1.0.0.tgz",
              "integrity": "sha1-5HnICFjfDBsR3dppQPlgEfzaSpo="
            },
            "isstream": {
              "version": "0.1.2",
              "resolved": "https://registry.npmjs.org/isstream/-/isstream-0.1.2.tgz",
              "integrity": "sha1-R+Y/evVa+m+S4VAOaQ64uFKcCZo="
            },
            "mime-types": {
              "version": "2.1.15",
              "resolved": "https://registry.npmjs.org/mime-types/-/mime-types-2.1.15.tgz",
              "integrity": "sha1-pOv1BkCUVpI3uM9wBGd20J/JKu0="
            },
            "oauth-sign": {
              "version": "0.8.2",
              "resolved": "https://registry.npmjs.org/oauth-sign/-/oauth-sign-0.8.2.tgz",
              "integrity": "sha1-Rqarfwrq2N6unsBWV4C31O/rnUM="
            },
            "qs": {
              "version": "6.4.0",
              "resolved": "https://registry.npmjs.org/qs/-/qs-6.4.0.tgz",
              "integrity": "sha1-E+JtKK1rD/qpExLNO/cI7TUecjM="
            },
            "safe-buffer": {
              "version": "5.1.1",
              "resolved": "https://registry.npmjs.org/safe-buffer/-/safe-buffer-5.1.1.tgz",
              "integrity": "sha1-iTMSr2myEj3vcfV4iQAWce6yyFM="
            },
            "stringstream": {
              "version": "0.0.5",
              "resolved": "https://registry.npmjs.org/stringstream/-/stringstream-0.0.5.tgz",
              "integrity": "sha1-TkhM1N5aC7vuGORjB3EKioFiGHg="
            },
            "tunnel-agent": {
              "version": "0.6.0",
              "resolved": "https://registry.npmjs.org/tunnel-agent/-/tunnel-agent-0.6.0.tgz",
              "integrity": "sha1-J6XeoGs2sEoKmWZ3SykIaPD8QP0="
            }
          }
        },
        "tunnel-agent": {
          "version": "0.4.3",
          "resolved": "https://registry.npmjs.org/tunnel-agent/-/tunnel-agent-0.4.3.tgz",
          "integrity": "sha1-Y3PbdpCf5XDgjXNYM2Xtgop07us="
        },
        "xml2js": {
          "version": "0.4.17",
          "resolved": "https://registry.npmjs.org/xml2js/-/xml2js-0.4.17.tgz",
          "integrity": "sha1-F76T6q4/O3eTWceVtBlwWogX6Gg=",
          "dependencies": {
            "sax": {
              "version": "1.2.4",
              "resolved": "https://registry.npmjs.org/sax/-/sax-1.2.4.tgz",
              "integrity": "sha1-KBYjTiN4vdxOU1T6tcqold9xANk="
            }
          }
        }
      }
    },
    "googleapis": {
      "version": "16.1.0",
      "resolved": "https://registry.npmjs.org/googleapis/-/googleapis-16.1.0.tgz",
      "integrity": "sha1-Dxny1wVy2RiIGg9ibjsaL6hilXY=",
      "dependencies": {
        "string-template": {
          "version": "1.0.0",
          "resolved": "https://registry.npmjs.org/string-template/-/string-template-1.0.0.tgz",
          "integrity": "sha1-np8iM9wA8hhxjsN5oopWc+zKi5Y="
        }
      }
    },
    "lodash": {
      "version": "4.17.4",
      "resolved": "https://registry.npmjs.org/lodash/-/lodash-4.17.4.tgz",
      "integrity": "sha1-eCA6TRwyiuHYbcpkYONptX9AVa4="
    },
    "origindb": {
      "version": "2.6.1",
      "resolved": "https://registry.npmjs.org/origindb/-/origindb-2.6.1.tgz",
      "integrity": "sha1-v2yBxjJZReGh3gZPy2mvJv5xcag=",
      "dependencies": {
        "graceful-fs": {
          "version": "4.1.11",
          "resolved": "https://registry.npmjs.org/graceful-fs/-/graceful-fs-4.1.11.tgz",
          "integrity": "sha1-Dovf5NHduIVNZOBOp8AOKgJuVlg="
        },
        "json-parse-helpfulerror": {
          "version": "1.0.3",
          "resolved": "https://registry.npmjs.org/json-parse-helpfulerror/-/json-parse-helpfulerror-1.0.3.tgz",
          "integrity": "sha1-E/FM4C7tTpgSl7ZOueO5MuLdE9w="
        },
        "steno": {
          "version": "0.4.4",
          "resolved": "https://registry.npmjs.org/steno/-/steno-0.4.4.tgz",
          "integrity": "sha1-BxEFvfwobmYVwEA8J+nXtdy4Vcs="
        }
      }
    },
    "sugar": {
      "version": "1.4.1",
      "resolved": "https://registry.npmjs.org/sugar/-/sugar-1.4.1.tgz",
      "integrity": "sha1-ExDU3txpnloXMYNxhUGw14RKdZg="
    },
    "websocket": {
      "version": "1.0.21",
      "resolved": "https://registry.npmjs.org/websocket/-/websocket-1.0.21.tgz",
      "integrity": "sha1-9R8Klu0ZYprzmSJHCrWRkH8cW9k=",
      "dependencies": {
        "debug": {
          "version": "2.2.0",
          "resolved": "https://registry.npmjs.org/debug/-/debug-2.2.0.tgz",
          "integrity": "sha1-+HBX6ZWxofauaklgZkE3vFbwOdo="
        },
        "ms": {
          "version": "0.7.1",
          "resolved": "https://registry.npmjs.org/ms/-/ms-0.7.1.tgz",
          "integrity": "sha1-nNE8A62/8ltl7/3nzoZO6VIBcJg="
        },
        "nan": {
          "version": "1.8.4",
          "resolved": "https://registry.npmjs.org/nan/-/nan-1.8.4.tgz",
          "integrity": "sha1-PHa1OC6rM+RLdY0oE8qdkuk0LzQ="
        },
        "typedarray-to-buffer": {
          "version": "3.0.5",
          "resolved": "https://registry.npmjs.org/typedarray-to-buffer/-/typedarray-to-buffer-3.0.5.tgz",
          "integrity": "sha1-hC8sqVnNligPlHvP7uOIxUBOXsY="
        }
      }
    }
  }
}
